// !$*UTF8*$!
{
	archiveVersion = 1;
	classes = {
	};
	objectVersion = 50;
	objects = {

/* Begin PBXBuildFile section */
		EFA3CF9522E6B9E500311FE9 /* ArrayVC.swift in Sources */ = {isa = PBXBuildFile; fileRef = EFA3CF9422E6B9E500311FE9 /* ArrayVC.swift */; };
		EFA3CF9B22E6BAA400311FE9 /* LinkedList.swift in Sources */ = {isa = PBXBuildFile; fileRef = EFA3CF9A22E6BAA400311FE9 /* LinkedList.swift */; };
		EFA3CF9D22E6BB3000311FE9 /* Stack.swift in Sources */ = {isa = PBXBuildFile; fileRef = EFA3CF9C22E6BB3000311FE9 /* Stack.swift */; };
		EFA3CFA022E7050000311FE9 /* Queue.swift in Sources */ = {isa = PBXBuildFile; fileRef = EFA3CF9F22E7050000311FE9 /* Queue.swift */; };
		EFB6AACA22EE81BC00C0E2B6 /* BubbleSort.swift in Sources */ = {isa = PBXBuildFile; fileRef = EFB6AAC922EE81BC00C0E2B6 /* BubbleSort.swift */; };
		EFB6AACC22EE924500C0E2B6 /* InsertionSort.swift in Sources */ = {isa = PBXBuildFile; fileRef = EFB6AACB22EE924500C0E2B6 /* InsertionSort.swift */; };
		EFB6AACE22EE9AC500C0E2B6 /* SelectionSort.swift in Sources */ = {isa = PBXBuildFile; fileRef = EFB6AACD22EE9AC500C0E2B6 /* SelectionSort.swift */; };
		EFB6AAD022EEC80F00C0E2B6 /* MergeSort.swift in Sources */ = {isa = PBXBuildFile; fileRef = EFB6AACF22EEC80F00C0E2B6 /* MergeSort.swift */; };
		EFC72D8022E1BF5800A3EB93 /* AppDelegate.swift in Sources */ = {isa = PBXBuildFile; fileRef = EFC72D7F22E1BF5800A3EB93 /* AppDelegate.swift */; };
		EFC72D8222E1BF5800A3EB93 /* ViewController.swift in Sources */ = {isa = PBXBuildFile; fileRef = EFC72D8122E1BF5800A3EB93 /* ViewController.swift */; };
		EFC72D8522E1BF5800A3EB93 /* Main.storyboard in Resources */ = {isa = PBXBuildFile; fileRef = EFC72D8322E1BF5800A3EB93 /* Main.storyboard */; };
		EFC72D8822E1BF5800A3EB93 /* DataStructureForSwift.xcdatamodeld in Sources */ = {isa = PBXBuildFile; fileRef = EFC72D8622E1BF5800A3EB93 /* DataStructureForSwift.xcdatamodeld */; };
		EFC72D8A22E1BF5E00A3EB93 /* Assets.xcassets in Resources */ = {isa = PBXBuildFile; fileRef = EFC72D8922E1BF5E00A3EB93 /* Assets.xcassets */; };
		EFC72D8D22E1BF5E00A3EB93 /* LaunchScreen.storyboard in Resources */ = {isa = PBXBuildFile; fileRef = EFC72D8B22E1BF5E00A3EB93 /* LaunchScreen.storyboard */; };
		EFC72D9822E1BF5E00A3EB93 /* DataStructureForSwiftTests.swift in Sources */ = {isa = PBXBuildFile; fileRef = EFC72D9722E1BF5E00A3EB93 /* DataStructureForSwiftTests.swift */; };
		EFC72DA322E1BF5F00A3EB93 /* DataStructureForSwiftUITests.swift in Sources */ = {isa = PBXBuildFile; fileRef = EFC72DA222E1BF5F00A3EB93 /* DataStructureForSwiftUITests.swift */; };
/* End PBXBuildFile section */

/* Begin PBXContainerItemProxy section */
		EFC72D9422E1BF5E00A3EB93 /* PBXContainerItemProxy */ = {
			isa = PBXContainerItemProxy;
			containerPortal = EFC72D7422E1BF5800A3EB93 /* Project object */;
			proxyType = 1;
			remoteGlobalIDString = EFC72D7B22E1BF5800A3EB93;
			remoteInfo = DataStructureForSwift;
		};
		EFC72D9F22E1BF5F00A3EB93 /* PBXContainerItemProxy */ = {
			isa = PBXContainerItemProxy;
			containerPortal = EFC72D7422E1BF5800A3EB93 /* Project object */;
			proxyType = 1;
			remoteGlobalIDString = EFC72D7B22E1BF5800A3EB93;
			remoteInfo = DataStructureForSwift;
		};
/* End PBXContainerItemProxy section */

/* Begin PBXFileReference section */
		EFA3CF9422E6B9E500311FE9 /* ArrayVC.swift */ = {isa = PBXFileReference; lastKnownFileType = sourcecode.swift; path = ArrayVC.swift; sourceTree = "<group>"; };
		EFA3CF9A22E6BAA400311FE9 /* LinkedList.swift */ = {isa = PBXFileReference; lastKnownFileType = sourcecode.swift; path = LinkedList.swift; sourceTree = "<group>"; };
		EFA3CF9C22E6BB3000311FE9 /* Stack.swift */ = {isa = PBXFileReference; lastKnownFileType = sourcecode.swift; path = Stack.swift; sourceTree = "<group>"; };
		EFA3CF9F22E7050000311FE9 /* Queue.swift */ = {isa = PBXFileReference; lastKnownFileType = sourcecode.swift; path = Queue.swift; sourceTree = "<group>"; };
		EFB6AAC922EE81BC00C0E2B6 /* BubbleSort.swift */ = {isa = PBXFileReference; lastKnownFileType = sourcecode.swift; path = BubbleSort.swift; sourceTree = "<group>"; };
		EFB6AACB22EE924500C0E2B6 /* InsertionSort.swift */ = {isa = PBXFileReference; lastKnownFileType = sourcecode.swift; path = InsertionSort.swift; sourceTree = "<group>"; };
		EFB6AACD22EE9AC500C0E2B6 /* SelectionSort.swift */ = {isa = PBXFileReference; lastKnownFileType = sourcecode.swift; path = SelectionSort.swift; sourceTree = "<group>"; };
		EFB6AACF22EEC80F00C0E2B6 /* MergeSort.swift */ = {isa = PBXFileReference; lastKnownFileType = sourcecode.swift; path = MergeSort.swift; sourceTree = "<group>"; };
		EFC72D7C22E1BF5800A3EB93 /* DataStructureForSwift.app */ = {isa = PBXFileReference; explicitFileType = wrapper.application; includeInIndex = 0; path = DataStructureForSwift.app; sourceTree = BUILT_PRODUCTS_DIR; };
		EFC72D7F22E1BF5800A3EB93 /* AppDelegate.swift */ = {isa = PBXFileReference; lastKnownFileType = sourcecode.swift; path = AppDelegate.swift; sourceTree = "<group>"; };
		EFC72D8122E1BF5800A3EB93 /* ViewController.swift */ = {isa = PBXFileReference; lastKnownFileType = sourcecode.swift; path = ViewController.swift; sourceTree = "<group>"; };
		EFC72D8422E1BF5800A3EB93 /* Base */ = {isa = PBXFileReference; lastKnownFileType = file.storyboard; name = Base; path = Base.lproj/Main.storyboard; sourceTree = "<group>"; };
		EFC72D8722E1BF5800A3EB93 /* DataStructureForSwift.xcdatamodel */ = {isa = PBXFileReference; lastKnownFileType = wrapper.xcdatamodel; path = DataStructureForSwift.xcdatamodel; sourceTree = "<group>"; };
		EFC72D8922E1BF5E00A3EB93 /* Assets.xcassets */ = {isa = PBXFileReference; lastKnownFileType = folder.assetcatalog; path = Assets.xcassets; sourceTree = "<group>"; };
		EFC72D8C22E1BF5E00A3EB93 /* Base */ = {isa = PBXFileReference; lastKnownFileType = file.storyboard; name = Base; path = Base.lproj/LaunchScreen.storyboard; sourceTree = "<group>"; };
		EFC72D8E22E1BF5E00A3EB93 /* Info.plist */ = {isa = PBXFileReference; lastKnownFileType = text.plist.xml; path = Info.plist; sourceTree = "<group>"; };
		EFC72D9322E1BF5E00A3EB93 /* DataStructureForSwiftTests.xctest */ = {isa = PBXFileReference; explicitFileType = wrapper.cfbundle; includeInIndex = 0; path = DataStructureForSwiftTests.xctest; sourceTree = BUILT_PRODUCTS_DIR; };
		EFC72D9722E1BF5E00A3EB93 /* DataStructureForSwiftTests.swift */ = {isa = PBXFileReference; lastKnownFileType = sourcecode.swift; path = DataStructureForSwiftTests.swift; sourceTree = "<group>"; };
		EFC72D9922E1BF5E00A3EB93 /* Info.plist */ = {isa = PBXFileReference; lastKnownFileType = text.plist.xml; path = Info.plist; sourceTree = "<group>"; };
		EFC72D9E22E1BF5F00A3EB93 /* DataStructureForSwiftUITests.xctest */ = {isa = PBXFileReference; explicitFileType = wrapper.cfbundle; includeInIndex = 0; path = DataStructureForSwiftUITests.xctest; sourceTree = BUILT_PRODUCTS_DIR; };
		EFC72DA222E1BF5F00A3EB93 /* DataStructureForSwiftUITests.swift */ = {isa = PBXFileReference; lastKnownFileType = sourcecode.swift; path = DataStructureForSwiftUITests.swift; sourceTree = "<group>"; };
		EFC72DA422E1BF5F00A3EB93 /* Info.plist */ = {isa = PBXFileReference; lastKnownFileType = text.plist.xml; path = Info.plist; sourceTree = "<group>"; };
/* End PBXFileReference section */

/* Begin PBXFrameworksBuildPhase section */
		EFC72D7922E1BF5800A3EB93 /* Frameworks */ = {
			isa = PBXFrameworksBuildPhase;
			buildActionMask = 2147483647;
			files = (
			);
			runOnlyForDeploymentPostprocessing = 0;
		};
		EFC72D9022E1BF5E00A3EB93 /* Frameworks */ = {
			isa = PBXFrameworksBuildPhase;
			buildActionMask = 2147483647;
			files = (
			);
			runOnlyForDeploymentPostprocessing = 0;
		};
		EFC72D9B22E1BF5F00A3EB93 /* Frameworks */ = {
			isa = PBXFrameworksBuildPhase;
			buildActionMask = 2147483647;
			files = (
			);
			runOnlyForDeploymentPostprocessing = 0;
		};
/* End PBXFrameworksBuildPhase section */

/* Begin PBXGroup section */
		EFA3CF8D22E6B87600311FE9 /* Array */ = {
			isa = PBXGroup;
			children = (
				EFA3CF9422E6B9E500311FE9 /* ArrayVC.swift */,
			);
			path = Array;
			sourceTree = "<group>";
		};
		EFA3CF9622E6B9FB00311FE9 /* Stack */ = {
			isa = PBXGroup;
			children = (
				EFA3CF9C22E6BB3000311FE9 /* Stack.swift */,
			);
			path = Stack;
			sourceTree = "<group>";
		};
		EFA3CF9722E6BA2E00311FE9 /* LinkedList */ = {
			isa = PBXGroup;
			children = (
				EFA3CF9A22E6BAA400311FE9 /* LinkedList.swift */,
			);
			path = LinkedList;
			sourceTree = "<group>";
		};
		EFA3CF9E22E7049B00311FE9 /* Queue */ = {
			isa = PBXGroup;
			children = (
				EFA3CF9F22E7050000311FE9 /* Queue.swift */,
			);
			path = Queue;
			sourceTree = "<group>";
		};
		EFB6AAC822EE80FE00C0E2B6 /* Sorting */ = {
			isa = PBXGroup;
			children = (
				EFB6AAC922EE81BC00C0E2B6 /* BubbleSort.swift */,
				EFB6AACB22EE924500C0E2B6 /* InsertionSort.swift */,
				EFB6AACD22EE9AC500C0E2B6 /* SelectionSort.swift */,
				EFB6AACF22EEC80F00C0E2B6 /* MergeSort.swift */,
			);
			path = Sorting;
			sourceTree = "<group>";
		};
		EFC72D7322E1BF5800A3EB93 = {
			isa = PBXGroup;
			children = (
				EFC72D7E22E1BF5800A3EB93 /* DataStructureForSwift */,
				EFC72D9622E1BF5E00A3EB93 /* DataStructureForSwiftTests */,
				EFC72DA122E1BF5F00A3EB93 /* DataStructureForSwiftUITests */,
				EFC72D7D22E1BF5800A3EB93 /* Products */,
			);
			sourceTree = "<group>";
		};
		EFC72D7D22E1BF5800A3EB93 /* Products */ = {
			isa = PBXGroup;
			children = (
				EFC72D7C22E1BF5800A3EB93 /* DataStructureForSwift.app */,
				EFC72D9322E1BF5E00A3EB93 /* DataStructureForSwiftTests.xctest */,
				EFC72D9E22E1BF5F00A3EB93 /* DataStructureForSwiftUITests.xctest */,
			);
			name = Products;
			sourceTree = "<group>";
		};
		EFC72D7E22E1BF5800A3EB93 /* DataStructureForSwift */ = {
			isa = PBXGroup;
			children = (
				EFC72D7F22E1BF5800A3EB93 /* AppDelegate.swift */,
				EFC72D8122E1BF5800A3EB93 /* ViewController.swift */,
				EFA3CF8D22E6B87600311FE9 /* Array */,
				EFA3CF9722E6BA2E00311FE9 /* LinkedList */,
				EFA3CF9622E6B9FB00311FE9 /* Stack */,
				EFA3CF9E22E7049B00311FE9 /* Queue */,
				EFB6AAC822EE80FE00C0E2B6 /* Sorting */,
				EFC72D8322E1BF5800A3EB93 /* Main.storyboard */,
				EFC72D8922E1BF5E00A3EB93 /* Assets.xcassets */,
				EFC72D8B22E1BF5E00A3EB93 /* LaunchScreen.storyboard */,
				EFC72D8E22E1BF5E00A3EB93 /* Info.plist */,
				EFC72D8622E1BF5800A3EB93 /* DataStructureForSwift.xcdatamodeld */,
			);
			path = DataStructureForSwift;
			sourceTree = "<group>";
		};
		EFC72D9622E1BF5E00A3EB93 /* DataStructureForSwiftTests */ = {
			isa = PBXGroup;
			children = (
				EFC72D9722E1BF5E00A3EB93 /* DataStructureForSwiftTests.swift */,
				EFC72D9922E1BF5E00A3EB93 /* Info.plist */,
			);
			path = DataStructureForSwiftTests;
			sourceTree = "<group>";
		};
		EFC72DA122E1BF5F00A3EB93 /* DataStructureForSwiftUITests */ = {
			isa = PBXGroup;
			children = (
				EFC72DA222E1BF5F00A3EB93 /* DataStructureForSwiftUITests.swift */,
				EFC72DA422E1BF5F00A3EB93 /* Info.plist */,
			);
			path = DataStructureForSwiftUITests;
			sourceTree = "<group>";
		};
/* End PBXGroup section */

/* Begin PBXNativeTarget section */
		EFC72D7B22E1BF5800A3EB93 /* DataStructureForSwift */ = {
			isa = PBXNativeTarget;
			buildConfigurationList = EFC72DA722E1BF5F00A3EB93 /* Build configuration list for PBXNativeTarget "DataStructureForSwift" */;
			buildPhases = (
				EFC72D7822E1BF5800A3EB93 /* Sources */,
				EFC72D7922E1BF5800A3EB93 /* Frameworks */,
				EFC72D7A22E1BF5800A3EB93 /* Resources */,
			);
			buildRules = (
			);
			dependencies = (
			);
			name = DataStructureForSwift;
			productName = DataStructureForSwift;
			productReference = EFC72D7C22E1BF5800A3EB93 /* DataStructureForSwift.app */;
			productType = "com.apple.product-type.application";
		};
		EFC72D9222E1BF5E00A3EB93 /* DataStructureForSwiftTests */ = {
			isa = PBXNativeTarget;
			buildConfigurationList = EFC72DAA22E1BF5F00A3EB93 /* Build configuration list for PBXNativeTarget "DataStructureForSwiftTests" */;
			buildPhases = (
				EFC72D8F22E1BF5E00A3EB93 /* Sources */,
				EFC72D9022E1BF5E00A3EB93 /* Frameworks */,
				EFC72D9122E1BF5E00A3EB93 /* Resources */,
			);
			buildRules = (
			);
			dependencies = (
				EFC72D9522E1BF5E00A3EB93 /* PBXTargetDependency */,
			);
			name = DataStructureForSwiftTests;
			productName = DataStructureForSwiftTests;
			productReference = EFC72D9322E1BF5E00A3EB93 /* DataStructureForSwiftTests.xctest */;
			productType = "com.apple.product-type.bundle.unit-test";
		};
		EFC72D9D22E1BF5F00A3EB93 /* DataStructureForSwiftUITests */ = {
			isa = PBXNativeTarget;
			buildConfigurationList = EFC72DAD22E1BF5F00A3EB93 /* Build configuration list for PBXNativeTarget "DataStructureForSwiftUITests" */;
			buildPhases = (
				EFC72D9A22E1BF5F00A3EB93 /* Sources */,
				EFC72D9B22E1BF5F00A3EB93 /* Frameworks */,
				EFC72D9C22E1BF5F00A3EB93 /* Resources */,
			);
			buildRules = (
			);
			dependencies = (
				EFC72DA022E1BF5F00A3EB93 /* PBXTargetDependency */,
			);
			name = DataStructureForSwiftUITests;
			productName = DataStructureForSwiftUITests;
			productReference = EFC72D9E22E1BF5F00A3EB93 /* DataStructureForSwiftUITests.xctest */;
			productType = "com.apple.product-type.bundle.ui-testing";
		};
/* End PBXNativeTarget section */

/* Begin PBXProject section */
		EFC72D7422E1BF5800A3EB93 /* Project object */ = {
			isa = PBXProject;
			attributes = {
				LastSwiftUpdateCheck = 1020;
				LastUpgradeCheck = 1020;
				ORGANIZATIONNAME = game98;
				TargetAttributes = {
					EFC72D7B22E1BF5800A3EB93 = {
						CreatedOnToolsVersion = 10.2.1;
					};
					EFC72D9222E1BF5E00A3EB93 = {
						CreatedOnToolsVersion = 10.2.1;
						TestTargetID = EFC72D7B22E1BF5800A3EB93;
					};
					EFC72D9D22E1BF5F00A3EB93 = {
						CreatedOnToolsVersion = 10.2.1;
						TestTargetID = EFC72D7B22E1BF5800A3EB93;
					};
				};
			};
			buildConfigurationList = EFC72D7722E1BF5800A3EB93 /* Build configuration list for PBXProject "DataStructureForSwift" */;
			compatibilityVersion = "Xcode 9.3";
			developmentRegion = en;
			hasScannedForEncodings = 0;
			knownRegions = (
				en,
				Base,
			);
			mainGroup = EFC72D7322E1BF5800A3EB93;
			productRefGroup = EFC72D7D22E1BF5800A3EB93 /* Products */;
			projectDirPath = "";
			projectRoot = "";
			targets = (
				EFC72D7B22E1BF5800A3EB93 /* DataStructureForSwift */,
				EFC72D9222E1BF5E00A3EB93 /* DataStructureForSwiftTests */,
				EFC72D9D22E1BF5F00A3EB93 /* DataStructureForSwiftUITests */,
			);
		};
/* End PBXProject section */

/* Begin PBXResourcesBuildPhase section */
		EFC72D7A22E1BF5800A3EB93 /* Resources */ = {
			isa = PBXResourcesBuildPhase;
			buildActionMask = 2147483647;
			files = (
				EFC72D8D22E1BF5E00A3EB93 /* LaunchScreen.storyboard in Resources */,
				EFC72D8A22E1BF5E00A3EB93 /* Assets.xcassets in Resources */,
				EFC72D8522E1BF5800A3EB93 /* Main.storyboard in Resources */,
			);
			runOnlyForDeploymentPostprocessing = 0;
		};
		EFC72D9122E1BF5E00A3EB93 /* Resources */ = {
			isa = PBXResourcesBuildPhase;
			buildActionMask = 2147483647;
			files = (
			);
			runOnlyForDeploymentPostprocessing = 0;
		};
		EFC72D9C22E1BF5F00A3EB93 /* Resources */ = {
			isa = PBXResourcesBuildPhase;
			buildActionMask = 2147483647;
			files = (
			);
			runOnlyForDeploymentPostprocessing = 0;
		};
/* End PBXResourcesBuildPhase section */

/* Begin PBXSourcesBuildPhase section */
		EFC72D7822E1BF5800A3EB93 /* Sources */ = {
			isa = PBXSourcesBuildPhase;
			buildActionMask = 2147483647;
			files = (
				EFB6AAD022EEC80F00C0E2B6 /* MergeSort.swift in Sources */,
				EFB6AACC22EE924500C0E2B6 /* InsertionSort.swift in Sources */,
				EFA3CF9522E6B9E500311FE9 /* ArrayVC.swift in Sources */,
				EFA3CFA022E7050000311FE9 /* Queue.swift in Sources */,
				EFC72D8222E1BF5800A3EB93 /* ViewController.swift in Sources */,
				EFB6AACE22EE9AC500C0E2B6 /* SelectionSort.swift in Sources */,
				EFA3CF9B22E6BAA400311FE9 /* LinkedList.swift in Sources */,
				EFC72D8822E1BF5800A3EB93 /* DataStructureForSwift.xcdatamodeld in Sources */,
				EFB6AACA22EE81BC00C0E2B6 /* BubbleSort.swift in Sources */,
				EFA3CF9D22E6BB3000311FE9 /* Stack.swift in Sources */,
				EFC72D8022E1BF5800A3EB93 /* AppDelegate.swift in Sources */,
			);
			runOnlyForDeploymentPostprocessing = 0;
		};
		EFC72D8F22E1BF5E00A3EB93 /* Sources */ = {
			isa = PBXSourcesBuildPhase;
			buildActionMask = 2147483647;
			files = (
				EFC72D9822E1BF5E00A3EB93 /* DataStructureForSwiftTests.swift in Sources */,
			);
			runOnlyForDeploymentPostprocessing = 0;
		};
		EFC72D9A22E1BF5F00A3EB93 /* Sources */ = {
			isa = PBXSourcesBuildPhase;
			buildActionMask = 2147483647;
			files = (
				EFC72DA322E1BF5F00A3EB93 /* DataStructureForSwiftUITests.swift in Sources */,
			);
			runOnlyForDeploymentPostprocessing = 0;
		};
/* End PBXSourcesBuildPhase section */

/* Begin PBXTargetDependency section */
		EFC72D9522E1BF5E00A3EB93 /* PBXTargetDependency */ = {
			isa = PBXTargetDependency;
			target = EFC72D7B22E1BF5800A3EB93 /* DataStructureForSwift */;
			targetProxy = EFC72D9422E1BF5E00A3EB93 /* PBXContainerItemProxy */;
		};
		EFC72DA022E1BF5F00A3EB93 /* PBXTargetDependency */ = {
			isa = PBXTargetDependency;
			target = EFC72D7B22E1BF5800A3EB93 /* DataStructureForSwift */;
			targetProxy = EFC72D9F22E1BF5F00A3EB93 /* PBXContainerItemProxy */;
		};
/* End PBXTargetDependency section */

/* Begin PBXVariantGroup section */
		EFC72D8322E1BF5800A3EB93 /* Main.storyboard */ = {
			isa = PBXVariantGroup;
			children = (
				EFC72D8422E1BF5800A3EB93 /* Base */,
			);
			name = Main.storyboard;
			sourceTree = "<group>";
		};
		EFC72D8B22E1BF5E00A3EB93 /* LaunchScreen.storyboard */ = {
			isa = PBXVariantGroup;
			children = (
				EFC72D8C22E1BF5E00A3EB93 /* Base */,
			);
			name = LaunchScreen.storyboard;
			sourceTree = "<group>";
		};
/* End PBXVariantGroup section */

/* Begin XCBuildConfiguration section */
		EFC72DA522E1BF5F00A3EB93 /* Debug */ = {
			isa = XCBuildConfiguration;
			buildSettings = {
				ALWAYS_SEARCH_USER_PATHS = NO;
				CLANG_ANALYZER_NONNULL = YES;
				CLANG_ANALYZER_NUMBER_OBJECT_CONVERSION = YES_AGGRESSIVE;
				CLANG_CXX_LANGUAGE_STANDARD = "gnu++14";
				CLANG_CXX_LIBRARY = "libc++";
				CLANG_ENABLE_MODULES = YES;
				CLANG_ENABLE_OBJC_ARC = YES;
				CLANG_ENABLE_OBJC_WEAK = YES;
				CLANG_WARN_BLOCK_CAPTURE_AUTORELEASING = YES;
				CLANG_WARN_BOOL_CONVERSION = YES;
				CLANG_WARN_COMMA = YES;
				CLANG_WARN_CONSTANT_CONVERSION = YES;
				CLANG_WARN_DEPRECATED_OBJC_IMPLEMENTATIONS = YES;
				CLANG_WARN_DIRECT_OBJC_ISA_USAGE = YES_ERROR;
				CLANG_WARN_DOCUMENTATION_COMMENTS = YES;
				CLANG_WARN_EMPTY_BODY = YES;
				CLANG_WARN_ENUM_CONVERSION = YES;
				CLANG_WARN_INFINITE_RECURSION = YES;
				CLANG_WARN_INT_CONVERSION = YES;
				CLANG_WARN_NON_LITERAL_NULL_CONVERSION = YES;
				CLANG_WARN_OBJC_IMPLICIT_RETAIN_SELF = YES;
				CLANG_WARN_OBJC_LITERAL_CONVERSION = YES;
				CLANG_WARN_OBJC_ROOT_CLASS = YES_ERROR;
				CLANG_WARN_RANGE_LOOP_ANALYSIS = YES;
				CLANG_WARN_STRICT_PROTOTYPES = YES;
				CLANG_WARN_SUSPICIOUS_MOVE = YES;
				CLANG_WARN_UNGUARDED_AVAILABILITY = YES_AGGRESSIVE;
				CLANG_WARN_UNREACHABLE_CODE = YES;
				CLANG_WARN__DUPLICATE_METHOD_MATCH = YES;
				CODE_SIGN_IDENTITY = "iPhone Developer";
				COPY_PHASE_STRIP = NO;
				DEBUG_INFORMATION_FORMAT = dwarf;
				ENABLE_STRICT_OBJC_MSGSEND = YES;
				ENABLE_TESTABILITY = YES;
				GCC_C_LANGUAGE_STANDARD = gnu11;
				GCC_DYNAMIC_NO_PIC = NO;
				GCC_NO_COMMON_BLOCKS = YES;
				GCC_OPTIMIZATION_LEVEL = 0;
				GCC_PREPROCESSOR_DEFINITIONS = (
					"DEBUG=1",
					"$(inherited)",
				);
				GCC_WARN_64_TO_32_BIT_CONVERSION = YES;
				GCC_WARN_ABOUT_RETURN_TYPE = YES_ERROR;
				GCC_WARN_UNDECLARED_SELECTOR = YES;
				GCC_WARN_UNINITIALIZED_AUTOS = YES_AGGRESSIVE;
				GCC_WARN_UNUSED_FUNCTION = YES;
				GCC_WARN_UNUSED_VARIABLE = YES;
				IPHONEOS_DEPLOYMENT_TARGET = 12.2;
				MTL_ENABLE_DEBUG_INFO = INCLUDE_SOURCE;
				MTL_FAST_MATH = YES;
				ONLY_ACTIVE_ARCH = YES;
				SDKROOT = iphoneos;
				SWIFT_ACTIVE_COMPILATION_CONDITIONS = DEBUG;
				SWIFT_OPTIMIZATION_LEVEL = "-Onone";
			};
			name = Debug;
		};
		EFC72DA622E1BF5F00A3EB93 /* Release */ = {
			isa = XCBuildConfiguration;
			buildSettings = {
				ALWAYS_SEARCH_USER_PATHS = NO;
				CLANG_ANALYZER_NONNULL = YES;
				CLANG_ANALYZER_NUMBER_OBJECT_CONVERSION = YES_AGGRESSIVE;
				CLANG_CXX_LANGUAGE_STANDARD = "gnu++14";
				CLANG_CXX_LIBRARY = "libc++";
				CLANG_ENABLE_MODULES = YES;
				CLANG_ENABLE_OBJC_ARC = YES;
				CLANG_ENABLE_OBJC_WEAK = YES;
				CLANG_WARN_BLOCK_CAPTURE_AUTORELEASING = YES;
				CLANG_WARN_BOOL_CONVERSION = YES;
				CLANG_WARN_COMMA = YES;
				CLANG_WARN_CONSTANT_CONVERSION = YES;
				CLANG_WARN_DEPRECATED_OBJC_IMPLEMENTATIONS = YES;
				CLANG_WARN_DIRECT_OBJC_ISA_USAGE = YES_ERROR;
				CLANG_WARN_DOCUMENTATION_COMMENTS = YES;
				CLANG_WARN_EMPTY_BODY = YES;
				CLANG_WARN_ENUM_CONVERSION = YES;
				CLANG_WARN_INFINITE_RECURSION = YES;
				CLANG_WARN_INT_CONVERSION = YES;
				CLANG_WARN_NON_LITERAL_NULL_CONVERSION = YES;
				CLANG_WARN_OBJC_IMPLICIT_RETAIN_SELF = YES;
				CLANG_WARN_OBJC_LITERAL_CONVERSION = YES;
				CLANG_WARN_OBJC_ROOT_CLASS = YES_ERROR;
				CLANG_WARN_RANGE_LOOP_ANALYSIS = YES;
				CLANG_WARN_STRICT_PROTOTYPES = YES;
				CLANG_WARN_SUSPICIOUS_MOVE = YES;
				CLANG_WARN_UNGUARDED_AVAILABILITY = YES_AGGRESSIVE;
				CLANG_WARN_UNREACHABLE_CODE = YES;
				CLANG_WARN__DUPLICATE_METHOD_MATCH = YES;
				CODE_SIGN_IDENTITY = "iPhone Developer";
				COPY_PHASE_STRIP = NO;
				DEBUG_INFORMATION_FORMAT = "dwarf-with-dsym";
				ENABLE_NS_ASSERTIONS = NO;
				ENABLE_STRICT_OBJC_MSGSEND = YES;
				GCC_C_LANGUAGE_STANDARD = gnu11;
				GCC_NO_COMMON_BLOCKS = YES;
				GCC_WARN_64_TO_32_BIT_CONVERSION = YES;
				GCC_WARN_ABOUT_RETURN_TYPE = YES_ERROR;
				GCC_WARN_UNDECLARED_SELECTOR = YES;
				GCC_WARN_UNINITIALIZED_AUTOS = YES_AGGRESSIVE;
				GCC_WARN_UNUSED_FUNCTION = YES;
				GCC_WARN_UNUSED_VARIABLE = YES;
				IPHONEOS_DEPLOYMENT_TARGET = 12.2;
				MTL_ENABLE_DEBUG_INFO = NO;
				MTL_FAST_MATH = YES;
				SDKROOT = iphoneos;
				SWIFT_COMPILATION_MODE = wholemodule;
				SWIFT_OPTIMIZATION_LEVEL = "-O";
				VALIDATE_PRODUCT = YES;
			};
			name = Release;
		};
		EFC72DA822E1BF5F00A3EB93 /* Debug */ = {
			isa = XCBuildConfiguration;
			buildSettings = {
				ASSETCATALOG_COMPILER_APPICON_NAME = AppIcon;
				CODE_SIGN_STYLE = Automatic;
				DEVELOPMENT_TEAM = G46XP9877A;
				INFOPLIST_FILE = DataStructureForSwift/Info.plist;
				LD_RUNPATH_SEARCH_PATHS = (
					"$(inherited)",
					"@executable_path/Frameworks",
				);
				PRODUCT_BUNDLE_IDENTIFIER = game98.DataStructureForSwift;
				PRODUCT_NAME = "$(TARGET_NAME)";
				SWIFT_VERSION = 5.0;
				TARGETED_DEVICE_FAMILY = "1,2";
			};
			name = Debug;
		};
		EFC72DA922E1BF5F00A3EB93 /* Release */ = {
			isa = XCBuildConfiguration;
			buildSettings = {
				ASSETCATALOG_COMPILER_APPICON_NAME = AppIcon;
				CODE_SIGN_STYLE = Automatic;
				DEVELOPMENT_TEAM = G46XP9877A;
				INFOPLIST_FILE = DataStructureForSwift/Info.plist;
				LD_RUNPATH_SEARCH_PATHS = (
					"$(inherited)",
					"@executable_path/Frameworks",
				);
				PRODUCT_BUNDLE_IDENTIFIER = game98.DataStructureForSwift;
				PRODUCT_NAME = "$(TARGET_NAME)";
				SWIFT_VERSION = 5.0;
				TARGETED_DEVICE_FAMILY = "1,2";
			};
			name = Release;
		};
		EFC72DAB22E1BF5F00A3EB93 /* Debug */ = {
			isa = XCBuildConfiguration;
			buildSettings = {
				ALWAYS_EMBED_SWIFT_STANDARD_LIBRARIES = YES;
				BUNDLE_LOADER = "$(TEST_HOST)";
				CODE_SIGN_STYLE = Automatic;
				DEVELOPMENT_TEAM = G46XP9877A;
				INFOPLIST_FILE = DataStructureForSwiftTests/Info.plist;
				LD_RUNPATH_SEARCH_PATHS = (
					"$(inherited)",
					"@executable_path/Frameworks",
					"@loader_path/Frameworks",
				);
				PRODUCT_BUNDLE_IDENTIFIER = game98.DataStructureForSwiftTests;
				PRODUCT_NAME = "$(TARGET_NAME)";
				SWIFT_VERSION = 5.0;
				TARGETED_DEVICE_FAMILY = "1,2";
				TEST_HOST = "$(BUILT_PRODUCTS_DIR)/DataStructureForSwift.app/DataStructureForSwift";
			};
			name = Debug;
		};
		EFC72DAC22E1BF5F00A3EB93 /* Release */ = {
			isa = XCBuildConfiguration;
			buildSettings = {
				ALWAYS_EMBED_SWIFT_STANDARD_LIBRARIES = YES;
				BUNDLE_LOADER = "$(TEST_HOST)";
				CODE_SIGN_STYLE = Automatic;
				DEVELOPMENT_TEAM = G46XP9877A;
				INFOPLIST_FILE = DataStructureForSwiftTests/Info.plist;
				LD_RUNPATH_SEARCH_PATHS = (
					"$(inherited)",
					"@executable_path/Frameworks",
					"@loader_path/Frameworks",
				);
				PRODUCT_BUNDLE_IDENTIFIER = game98.DataStructureForSwiftTests;
				PRODUCT_NAME = "$(TARGET_NAME)";
				SWIFT_VERSION = 5.0;
				TARGETED_DEVICE_FAMILY = "1,2";
				TEST_HOST = "$(BUILT_PRODUCTS_DIR)/DataStructureForSwift.app/DataStructureForSwift";
			};
			name = Release;
		};
		EFC72DAE22E1BF5F00A3EB93 /* Debug */ = {
			isa = XCBuildConfiguration;
			buildSettings = {
				ALWAYS_EMBED_SWIFT_STANDARD_LIBRARIES = YES;
				CODE_SIGN_STYLE = Automatic;
				DEVELOPMENT_TEAM = G46XP9877A;
				INFOPLIST_FILE = DataStructureForSwiftUITests/Info.plist;
				LD_RUNPATH_SEARCH_PATHS = (
					"$(inherited)",
					"@executable_path/Frameworks",
					"@loader_path/Frameworks",
				);
				PRODUCT_BUNDLE_IDENTIFIER = game98.DataStructureForSwiftUITests;
				PRODUCT_NAME = "$(TARGET_NAME)";
				SWIFT_VERSION = 5.0;
				TARGETED_DEVICE_FAMILY = "1,2";
				TEST_TARGET_NAME = DataStructureForSwift;
			};
			name = Debug;
		};
		EFC72DAF22E1BF5F00A3EB93 /* Release */ = {
			isa = XCBuildConfiguration;
			buildSettings = {
				ALWAYS_EMBED_SWIFT_STANDARD_LIBRARIES = YES;
				CODE_SIGN_STYLE = Automatic;
				DEVELOPMENT_TEAM = G46XP9877A;
				INFOPLIST_FILE = DataStructureForSwiftUITests/Info.plist;
				LD_RUNPATH_SEARCH_PATHS = (
					"$(inherited)",
					"@executable_path/Frameworks",
					"@loader_path/Frameworks",
				);
				PRODUCT_BUNDLE_IDENTIFIER = game98.DataStructureForSwiftUITests;
				PRODUCT_NAME = "$(TARGET_NAME)";
				SWIFT_VERSION = 5.0;
				TARGETED_DEVICE_FAMILY = "1,2";
				TEST_TARGET_NAME = DataStructureForSwift;
			};
			name = Release;
		};
/* End XCBuildConfiguration section */

/* Begin XCConfigurationList section */
		EFC72D7722E1BF5800A3EB93 /* Build configuration list for PBXProject "DataStructureForSwift" */ = {
			isa = XCConfigurationList;
			buildConfigurations = (
				EFC72DA522E1BF5F00A3EB93 /* Debug */,
				EFC72DA622E1BF5F00A3EB93 /* Release */,
			);
			defaultConfigurationIsVisible = 0;
			defaultConfigurationName = Release;
		};
		EFC72DA722E1BF5F00A3EB93 /* Build configuration list for PBXNativeTarget "DataStructureForSwift" */ = {
			isa = XCConfigurationList;
			buildConfigurations = (
				EFC72DA822E1BF5F00A3EB93 /* Debug */,
				EFC72DA922E1BF5F00A3EB93 /* Release */,
			);
			defaultConfigurationIsVisible = 0;
			defaultConfigurationName = Release;
		};
		EFC72DAA22E1BF5F00A3EB93 /* Build configuration list for PBXNativeTarget "DataStructureForSwiftTests" */ = {
			isa = XCConfigurationList;
			buildConfigurations = (
				EFC72DAB22E1BF5F00A3EB93 /* Debug */,
				EFC72DAC22E1BF5F00A3EB93 /* Release */,
			);
			defaultConfigurationIsVisible = 0;
			defaultConfigurationName = Release;
		};
		EFC72DAD22E1BF5F00A3EB93 /* Build configuration list for PBXNativeTarget "DataStructureForSwiftUITests" */ = {
			isa = XCConfigurationList;
			buildConfigurations = (
				EFC72DAE22E1BF5F00A3EB93 /* Debug */,
				EFC72DAF22E1BF5F00A3EB93 /* Release */,
			);
			defaultConfigurationIsVisible = 0;
			defaultConfigurationName = Release;
		};
/* End XCConfigurationList section */

/* Begin XCVersionGroup section */
		EFC72D8622E1BF5800A3EB93 /* DataStructureForSwift.xcdatamodeld */ = {
			isa = XCVersionGroup;
			children = (
				EFC72D8722E1BF5800A3EB93 /* DataStructureForSwift.xcdatamodel */,
			);
			currentVersion = EFC72D8722E1BF5800A3EB93 /* DataStructureForSwift.xcdatamodel */;
			path = DataStructureForSwift.xcdatamodeld;
			sourceTree = "<group>";
			versionGroupType = wrapper.xcdatamodel;
		};
/* End XCVersionGroup section */
	};
	rootObject = EFC72D7422E1BF5800A3EB93 /* Project object */;
}
